
Microsoft Visual Studio Solution File, Format Version 12.00
# Visual Studio Version 17
VisualStudioVersion = 17.14.36623.8
MinimumVisualStudioVersion = 10.0.40219.1
Project("{FAE04EC0-301F-11D3-BF4B-00C04F79EFBC}") = "QATrainer", "QATrainer.csproj", "{5051C386-3FC3-48B9-9C1E-B1A677E23095}"
EndProject
Project("{FAE04EC0-301F-11D3-BF4B-00C04F79EFBC}") = "QAEmbeddingCalculator", "..\QAEmbeddingCalculator\QAEmbeddingCalculator.csproj", "{2724A027-7894-419F-A082-15F24AE3860C}"
EndProject
Global
	GlobalSection(SolutionConfigurationPlatforms) = preSolution
		Debug|Any CPU = Debug|Any CPU
		Release|Any CPU = Release|Any CPU
	EndGlobalSection
	GlobalSection(ProjectConfigurationPlatforms) = postSolution
		{5051C386-3FC3-48B9-9C1E-B1A677E23095}.Debug|Any CPU.ActiveCfg = Debug|Any CPU
		{5051C386-3FC3-48B9-9C1E-B1A677E23095}.Debug|Any CPU.Build.0 = Debug|Any CPU
		{5051C386-3FC3-48B9-9C1E-B1A677E23095}.Release|Any CPU.ActiveCfg = Release|Any CPU
		{5051C386-3FC3-48B9-9C1E-B1A677E23095}.Release|Any CPU.Build.0 = Release|Any CPU
		{2724A027-7894-419F-A082-15F24AE3860C}.Debug|Any CPU.ActiveCfg = Debug|Any CPU
		{2724A027-7894-419F-A082-15F24AE3860C}.Debug|Any CPU.Build.0 = Debug|Any CPU
		{2724A027-7894-419F-A082-15F24AE3860C}.Release|Any CPU.ActiveCfg = Release|Any CPU
		{2724A027-7894-419F-A082-15F24AE3860C}.Release|Any CPU.Build.0 = Release|Any CPU
	EndGlobalSection
	GlobalSection(SolutionProperties) = preSolution
		HideSolutionNode = FALSE
	EndGlobalSection
	GlobalSection(ExtensibilityGlobals) = postSolution
		SolutionGuid = {7F306D4A-91CC-4227-AC11-A02394950C3C}
	EndGlobalSection
EndGlobal
